// !$*UTF8*$!
{
	archiveVersion = 1;
	classes = {
	};
	objectVersion = 56;
	objects = {

/* Begin PBXBuildFile section */
		0810632D2D0184C000E73211 /* SecondHomeScreen.swift in Sources */ = {isa = PBXBuildFile; fileRef = 0810632C2D0184C000E73211 /* SecondHomeScreen.swift */; };
		0810632F2D01A86500E73211 /* DashboardScreen.swift in Sources */ = {isa = PBXBuildFile; fileRef = 0810632E2D01A86500E73211 /* DashboardScreen.swift */; };
		087757FD2D0710CC0098FFAB /* NotificationScreen.swift in Sources */ = {isa = PBXBuildFile; fileRef = 087757FC2D0710CC0098FFAB /* NotificationScreen.swift */; };
		087757FF2D071D880098FFAB /* MainDashScreen.swift in Sources */ = {isa = PBXBuildFile; fileRef = 087757FE2D071D880098FFAB /* MainDashScreen.swift */; };
		08EA01C42CE5DA5700155687 /* SideMenuAppApp.swift in Sources */ = {isa = PBXBuildFile; fileRef = 08EA01C32CE5DA5700155687 /* SideMenuAppApp.swift */; };
		08EA01C62CE5DA5700155687 /* ContentView.swift in Sources */ = {isa = PBXBuildFile; fileRef = 08EA01C52CE5DA5700155687 /* ContentView.swift */; };
		08EA01C82CE5DA5900155687 /* Assets.xcassets in Resources */ = {isa = PBXBuildFile; fileRef = 08EA01C72CE5DA5900155687 /* Assets.xcassets */; };
		08EA01CB2CE5DA5900155687 /* Preview Assets.xcassets in Resources */ = {isa = PBXBuildFile; fileRef = 08EA01CA2CE5DA5900155687 /* Preview Assets.xcassets */; };
		08EA01CD2CE5DA5900155687 /* Persistence.swift in Sources */ = {isa = PBXBuildFile; fileRef = 08EA01CC2CE5DA5900155687 /* Persistence.swift */; };
		08EA01D02CE5DA5900155687 /* SideMenuApp.xcdatamodeld in Sources */ = {isa = PBXBuildFile; fileRef = 08EA01CE2CE5DA5900155687 /* SideMenuApp.xcdatamodeld */; };
		08EA01EB2CE5FC1100155687 /* SideMenuView.swift in Sources */ = {isa = PBXBuildFile; fileRef = 08EA01EA2CE5FC1100155687 /* SideMenuView.swift */; };
/* End PBXBuildFile section */

/* Begin PBXFileReference section */
		0810632C2D0184C000E73211 /* SecondHomeScreen.swift */ = {isa = PBXFileReference; lastKnownFileType = sourcecode.swift; path = SecondHomeScreen.swift; sourceTree = "<group>"; };
		0810632E2D01A86500E73211 /* DashboardScreen.swift */ = {isa = PBXFileReference; lastKnownFileType = sourcecode.swift; path = DashboardScreen.swift; sourceTree = "<group>"; };
		087757FC2D0710CC0098FFAB /* NotificationScreen.swift */ = {isa = PBXFileReference; lastKnownFileType = sourcecode.swift; path = NotificationScreen.swift; sourceTree = "<group>"; };
		087757FE2D071D880098FFAB /* MainDashScreen.swift */ = {isa = PBXFileReference; lastKnownFileType = sourcecode.swift; path = MainDashScreen.swift; sourceTree = "<group>"; };
		08EA01C02CE5DA5700155687 /* SideMenuApp.app */ = {isa = PBXFileReference; explicitFileType = wrapper.application; includeInIndex = 0; path = SideMenuApp.app; sourceTree = BUILT_PRODUCTS_DIR; };
		08EA01C32CE5DA5700155687 /* SideMenuAppApp.swift */ = {isa = PBXFileReference; lastKnownFileType = sourcecode.swift; path = SideMenuAppApp.swift; sourceTree = "<group>"; };
		08EA01C52CE5DA5700155687 /* ContentView.swift */ = {isa = PBXFileReference; lastKnownFileType = sourcecode.swift; path = ContentView.swift; sourceTree = "<group>"; };
		08EA01C72CE5DA5900155687 /* Assets.xcassets */ = {isa = PBXFileReference; lastKnownFileType = folder.assetcatalog; path = Assets.xcassets; sourceTree = "<group>"; };
		08EA01CA2CE5DA5900155687 /* Preview Assets.xcassets */ = {isa = PBXFileReference; lastKnownFileType = folder.assetcatalog; path = "Preview Assets.xcassets"; sourceTree = "<group>"; };
		08EA01CC2CE5DA5900155687 /* Persistence.swift */ = {isa = PBXFileReference; lastKnownFileType = sourcecode.swift; path = Persistence.swift; sourceTree = "<group>"; };
		08EA01CF2CE5DA5900155687 /* SideMenuApp.xcdatamodel */ = {isa = PBXFileReference; lastKnownFileType = wrapper.xcdatamodel; path = SideMenuApp.xcdatamodel; sourceTree = "<group>"; };
		08EA01EA2CE5FC1100155687 /* SideMenuView.swift */ = {isa = PBXFileReference; lastKnownFileType = sourcecode.swift; path = SideMenuView.swift; sourceTree = "<group>"; };
/* End PBXFileReference section */

/* Begin PBXFrameworksBuildPhase section */
		08EA01BD2CE5DA5700155687 /* Frameworks */ = {
			isa = PBXFrameworksBuildPhase;
			buildActionMask = 2147483647;
			files = (
			);
			runOnlyForDeploymentPostprocessing = 0;
		};
/* End PBXFrameworksBuildPhase section */

/* Begin PBXGroup section */
		0810632B2D0184A400E73211 /* NewScreen */ = {
			isa = PBXGroup;
			children = (
				0810632C2D0184C000E73211 /* SecondHomeScreen.swift */,
				0810632E2D01A86500E73211 /* DashboardScreen.swift */,
				087757FC2D0710CC0098FFAB /* NotificationScreen.swift */,
				087757FE2D071D880098FFAB /* MainDashScreen.swift */,
			);
			path = NewScreen;
			sourceTree = "<group>";
		};
		08EA01B72CE5DA5700155687 = {
			isa = PBXGroup;
			children = (
				08EA01C22CE5DA5700155687 /* SideMenuApp */,
				08EA01C12CE5DA5700155687 /* Products */,
			);
			sourceTree = "<group>";
		};
		08EA01C12CE5DA5700155687 /* Products */ = {
			isa = PBXGroup;
			children = (
				08EA01C02CE5DA5700155687 /* SideMenuApp.app */,
			);
			name = Products;
			sourceTree = "<group>";
		};
		08EA01C22CE5DA5700155687 /* SideMenuApp */ = {
			isa = PBXGroup;
			children = (
				0810632B2D0184A400E73211 /* NewScreen */,
				08EA01C32CE5DA5700155687 /* SideMenuAppApp.swift */,
				08EA01C52CE5DA5700155687 /* ContentView.swift */,
				08EA01C72CE5DA5900155687 /* Assets.xcassets */,
				08EA01CC2CE5DA5900155687 /* Persistence.swift */,
				08EA01CE2CE5DA5900155687 /* SideMenuApp.xcdatamodeld */,
				08EA01C92CE5DA5900155687 /* Preview Content */,
				08EA01EA2CE5FC1100155687 /* SideMenuView.swift */,
			);
			path = SideMenuApp;
			sourceTree = "<group>";
		};
		08EA01C92CE5DA5900155687 /* Preview Content */ = {
			isa = PBXGroup;
			children = (
				08EA01CA2CE5DA5900155687 /* Preview Assets.xcassets */,
			);
			path = "Preview Content";
			sourceTree = "<group>";
		};
/* End PBXGroup section */

/* Begin PBXNativeTarget section */
		08EA01BF2CE5DA5700155687 /* SideMenuApp */ = {
			isa = PBXNativeTarget;
			buildConfigurationList = 08EA01D32CE5DA5900155687 /* Build configuration list for PBXNativeTarget "SideMenuApp" */;
			buildPhases = (
				08EA01BC2CE5DA5700155687 /* Sources */,
				08EA01BD2CE5DA5700155687 /* Frameworks */,
				08EA01BE2CE5DA5700155687 /* Resources */,
			);
			buildRules = (
			);
			dependencies = (
			);
			name = SideMenuApp;
			productName = SideMenuApp;
			productReference = 08EA01C02CE5DA5700155687 /* SideMenuApp.app */;
			productType = "com.apple.product-type.application";
		};
/* End PBXNativeTarget section */

/* Begin PBXProject section */
		08EA01B82CE5DA5700155687 /* Project object */ = {
			isa = PBXProject;
			attributes = {
				BuildIndependentTargetsInParallel = 1;
				LastSwiftUpdateCheck = 1540;
				LastUpgradeCheck = 1540;
				TargetAttributes = {
					08EA01BF2CE5DA5700155687 = {
						CreatedOnToolsVersion = 15.4;
					};
				};
			};
			buildConfigurationList = 08EA01BB2CE5DA5700155687 /* Build configuration list for PBXProject "SideMenuApp" */;
			compatibilityVersion = "Xcode 14.0";
			developmentRegion = en;
			hasScannedForEncodings = 0;
			knownRegions = (
				en,
				Base,
			);
			mainGroup = 08EA01B72CE5DA5700155687;
			productRefGroup = 08EA01C12CE5DA5700155687 /* Products */;
			projectDirPath = "";
			projectRoot = "";
			targets = (
				08EA01BF2CE5DA5700155687 /* SideMenuApp */,
			);
		};
/* End PBXProject section */

/* Begin PBXResourcesBuildPhase section */
		08EA01BE2CE5DA5700155687 /* Resources */ = {
			isa = PBXResourcesBuildPhase;
			buildActionMask = 2147483647;
			files = (
				08EA01CB2CE5DA5900155687 /* Preview Assets.xcassets in Resources */,
				08EA01C82CE5DA5900155687 /* Assets.xcassets in Resources */,
			);
			runOnlyForDeploymentPostprocessing = 0;
		};
/* End PBXResourcesBuildPhase section */

/* Begin PBXSourcesBuildPhase section */
		08EA01BC2CE5DA5700155687 /* Sources */ = {
			isa = PBXSourcesBuildPhase;
			buildActionMask = 2147483647;
			files = (
				08EA01CD2CE5DA5900155687 /* Persistence.swift in Sources */,
				08EA01C62CE5DA5700155687 /* ContentView.swift in Sources */,
				087757FF2D071D880098FFAB /* MainDashScreen.swift in Sources */,
				08EA01EB2CE5FC1100155687 /* SideMenuView.swift in Sources */,
				0810632F2D01A86500E73211 /* DashboardScreen.swift in Sources */,
				08EA01C42CE5DA5700155687 /* SideMenuAppApp.swift in Sources */,
				08EA01D02CE5DA5900155687 /* SideMenuApp.xcdatamodeld in Sources */,
				0810632D2D0184C000E73211 /* SecondHomeScreen.swift in Sources */,
				087757FD2D0710CC0098FFAB /* NotificationScreen.swift in Sources */,
			);
			runOnlyForDeploymentPostprocessing = 0;
		};
/* End PBXSourcesBuildPhase section */

/* Begin XCBuildConfiguration section */
		08EA01D12CE5DA5900155687 /* Debug */ = {
			isa = XCBuildConfiguration;
			buildSettings = {
				ALWAYS_SEARCH_USER_PATHS = NO;
				ASSETCATALOG_COMPILER_GENERATE_SWIFT_ASSET_SYMBOL_EXTENSIONS = YES;
				CLANG_ANALYZER_NONNULL = YES;
				CLANG_ANALYZER_NUMBER_OBJECT_CONVERSION = YES_AGGRESSIVE;
				CLANG_CXX_LANGUAGE_STANDARD = "gnu++20";
				CLANG_ENABLE_MODULES = YES;
				CLANG_ENABLE_OBJC_ARC = YES;
				CLANG_ENABLE_OBJC_WEAK = YES;
				CLANG_WARN_BLOCK_CAPTURE_AUTORELEASING = YES;
				CLANG_WARN_BOOL_CONVERSION = YES;
				CLANG_WARN_COMMA = YES;
				CLANG_WARN_CONSTANT_CONVERSION = YES;
				CLANG_WARN_DEPRECATED_OBJC_IMPLEMENTATIONS = YES;
				CLANG_WARN_DIRECT_OBJC_ISA_USAGE = YES_ERROR;
				CLANG_WARN_DOCUMENTATION_COMMENTS = YES;
				CLANG_WARN_EMPTY_BODY = YES;
				CLANG_WARN_ENUM_CONVERSION = YES;
				CLANG_WARN_INFINITE_RECURSION = YES;
				CLANG_WARN_INT_CONVERSION = YES;
				CLANG_WARN_NON_LITERAL_NULL_CONVERSION = YES;
				CLANG_WARN_OBJC_IMPLICIT_RETAIN_SELF = YES;
				CLANG_WARN_OBJC_LITERAL_CONVERSION = YES;
				CLANG_WARN_OBJC_ROOT_CLASS = YES_ERROR;
				CLANG_WARN_QUOTED_INCLUDE_IN_FRAMEWORK_HEADER = YES;
				CLANG_WARN_RANGE_LOOP_ANALYSIS = YES;
				CLANG_WARN_STRICT_PROTOTYPES = YES;
				CLANG_WARN_SUSPICIOUS_MOVE = YES;
				CLANG_WARN_UNGUARDED_AVAILABILITY = YES_AGGRESSIVE;
				CLANG_WARN_UNREACHABLE_CODE = YES;
				CLANG_WARN__DUPLICATE_METHOD_MATCH = YES;
				COPY_PHASE_STRIP = NO;
				DEBUG_INFORMATION_FORMAT = dwarf;
				ENABLE_STRICT_OBJC_MSGSEND = YES;
				ENABLE_TESTABILITY = YES;
				ENABLE_USER_SCRIPT_SANDBOXING = YES;
				GCC_C_LANGUAGE_STANDARD = gnu17;
				GCC_DYNAMIC_NO_PIC = NO;
				GCC_NO_COMMON_BLOCKS = YES;
				GCC_OPTIMIZATION_LEVEL = 0;
				GCC_PREPROCESSOR_DEFINITIONS = (
					"DEBUG=1",
					"$(inherited)",
				);
				GCC_WARN_64_TO_32_BIT_CONVERSION = YES;
				GCC_WARN_ABOUT_RETURN_TYPE = YES_ERROR;
				GCC_WARN_UNDECLARED_SELECTOR = YES;
				GCC_WARN_UNINITIALIZED_AUTOS = YES_AGGRESSIVE;
				GCC_WARN_UNUSED_FUNCTION = YES;
				GCC_WARN_UNUSED_VARIABLE = YES;
				IPHONEOS_DEPLOYMENT_TARGET = 17.5;
				LOCALIZATION_PREFERS_STRING_CATALOGS = YES;
				MTL_ENABLE_DEBUG_INFO = INCLUDE_SOURCE;
				MTL_FAST_MATH = YES;
				ONLY_ACTIVE_ARCH = YES;
				SDKROOT = iphoneos;
				SWIFT_ACTIVE_COMPILATION_CONDITIONS = "DEBUG $(inherited)";
				SWIFT_OPTIMIZATION_LEVEL = "-Onone";
			};
			name = Debug;
		};
		08EA01D22CE5DA5900155687 /* Release */ = {
			isa = XCBuildConfiguration;
			buildSettings = {
				ALWAYS_SEARCH_USER_PATHS = NO;
				ASSETCATALOG_COMPILER_GENERATE_SWIFT_ASSET_SYMBOL_EXTENSIONS = YES;
				CLANG_ANALYZER_NONNULL = YES;
				CLANG_ANALYZER_NUMBER_OBJECT_CONVERSION = YES_AGGRESSIVE;
				CLANG_CXX_LANGUAGE_STANDARD = "gnu++20";
				CLANG_ENABLE_MODULES = YES;
				CLANG_ENABLE_OBJC_ARC = YES;
				CLANG_ENABLE_OBJC_WEAK = YES;
				CLANG_WARN_BLOCK_CAPTURE_AUTORELEASING = YES;
				CLANG_WARN_BOOL_CONVERSION = YES;
				CLANG_WARN_COMMA = YES;
				CLANG_WARN_CONSTANT_CONVERSION = YES;
				CLANG_WARN_DEPRECATED_OBJC_IMPLEMENTATIONS = YES;
				CLANG_WARN_DIRECT_OBJC_ISA_USAGE = YES_ERROR;
				CLANG_WARN_DOCUMENTATION_COMMENTS = YES;
				CLANG_WARN_EMPTY_BODY = YES;
				CLANG_WARN_ENUM_CONVERSION = YES;
				CLANG_WARN_INFINITE_RECURSION = YES;
				CLANG_WARN_INT_CONVERSION = YES;
				CLANG_WARN_NON_LITERAL_NULL_CONVERSION = YES;
				CLANG_WARN_OBJC_IMPLICIT_RETAIN_SELF = YES;
				CLANG_WARN_OBJC_LITERAL_CONVERSION = YES;
				CLANG_WARN_OBJC_ROOT_CLASS = YES_ERROR;
				CLANG_WARN_QUOTED_INCLUDE_IN_FRAMEWORK_HEADER = YES;
				CLANG_WARN_RANGE_LOOP_ANALYSIS = YES;
				CLANG_WARN_STRICT_PROTOTYPES = YES;
				CLANG_WARN_SUSPICIOUS_MOVE = YES;
				CLANG_WARN_UNGUARDED_AVAILABILITY = YES_AGGRESSIVE;
				CLANG_WARN_UNREACHABLE_CODE = YES;
				CLANG_WARN__DUPLICATE_METHOD_MATCH = YES;
				COPY_PHASE_STRIP = NO;
				DEBUG_INFORMATION_FORMAT = "dwarf-with-dsym";
				ENABLE_NS_ASSERTIONS = NO;
				ENABLE_STRICT_OBJC_MSGSEND = YES;
				ENABLE_USER_SCRIPT_SANDBOXING = YES;
				GCC_C_LANGUAGE_STANDARD = gnu17;
				GCC_NO_COMMON_BLOCKS = YES;
				GCC_WARN_64_TO_32_BIT_CONVERSION = YES;
				GCC_WARN_ABOUT_RETURN_TYPE = YES_ERROR;
				GCC_WARN_UNDECLARED_SELECTOR = YES;
				GCC_WARN_UNINITIALIZED_AUTOS = YES_AGGRESSIVE;
				GCC_WARN_UNUSED_FUNCTION = YES;
				GCC_WARN_UNUSED_VARIABLE = YES;
				IPHONEOS_DEPLOYMENT_TARGET = 17.5;
				LOCALIZATION_PREFERS_STRING_CATALOGS = YES;
				MTL_ENABLE_DEBUG_INFO = NO;
				MTL_FAST_MATH = YES;
				SDKROOT = iphoneos;
				SWIFT_COMPILATION_MODE = wholemodule;
				VALIDATE_PRODUCT = YES;
			};
			name = Release;
		};
		08EA01D42CE5DA5900155687 /* Debug */ = {
			isa = XCBuildConfiguration;
			buildSettings = {
				ASSETCATALOG_COMPILER_APPICON_NAME = AppIcon;
				ASSETCATALOG_COMPILER_GLOBAL_ACCENT_COLOR_NAME = AccentColor;
				CODE_SIGN_STYLE = Automatic;
				CURRENT_PROJECT_VERSION = 1;
				DEVELOPMENT_ASSET_PATHS = "\"SideMenuApp/Preview Content\"";
				ENABLE_PREVIEWS = YES;
				GENERATE_INFOPLIST_FILE = YES;
				INFOPLIST_KEY_UIApplicationSceneManifest_Generation = YES;
				INFOPLIST_KEY_UIApplicationSupportsIndirectInputEvents = YES;
				INFOPLIST_KEY_UILaunchScreen_Generation = YES;
				INFOPLIST_KEY_UISupportedInterfaceOrientations_iPad = "UIInterfaceOrientationPortrait UIInterfaceOrientationPortraitUpsideDown UIInterfaceOrientationLandscapeLeft UIInterfaceOrientationLandscapeRight";
				INFOPLIST_KEY_UISupportedInterfaceOrientations_iPhone = "UIInterfaceOrientationPortrait UIInterfaceOrientationLandscapeLeft UIInterfaceOrientationLandscapeRight";
				LD_RUNPATH_SEARCH_PATHS = (
					"$(inherited)",
					"@executable_path/Frameworks",
				);
				MARKETING_VERSION = 1.0;
				PRODUCT_BUNDLE_IDENTIFIER = com.vishal.SideMenuApp;
				PRODUCT_NAME = "$(TARGET_NAME)";
				SWIFT_EMIT_LOC_STRINGS = YES;
				SWIFT_VERSION = 5.0;
				TARGETED_DEVICE_FAMILY = "1,2";
			};
			name = Debug;
		};
		08EA01D52CE5DA5900155687 /* Release */ = {
			isa = XCBuildConfiguration;
			buildSettings = {
				ASSETCATALOG_COMPILER_APPICON_NAME = AppIcon;
				ASSETCATALOG_COMPILER_GLOBAL_ACCENT_COLOR_NAME = AccentColor;
				CODE_SIGN_STYLE = Automatic;
				CURRENT_PROJECT_VERSION = 1;
				DEVELOPMENT_ASSET_PATHS = "\"SideMenuApp/Preview Content\"";
				ENABLE_PREVIEWS = YES;
				GENERATE_INFOPLIST_FILE = YES;
				INFOPLIST_KEY_UIApplicationSceneManifest_Generation = YES;
				INFOPLIST_KEY_UIApplicationSupportsIndirectInputEvents = YES;
				INFOPLIST_KEY_UILaunchScreen_Generation = YES;
				INFOPLIST_KEY_UISupportedInterfaceOrientations_iPad = "UIInterfaceOrientationPortrait UIInterfaceOrientationPortraitUpsideDown UIInterfaceOrientationLandscapeLeft UIInterfaceOrientationLandscapeRight";
				INFOPLIST_KEY_UISupportedInterfaceOrientations_iPhone = "UIInterfaceOrientationPortrait UIInterfaceOrientationLandscapeLeft UIInterfaceOrientationLandscapeRight";
				LD_RUNPATH_SEARCH_PATHS = (
					"$(inherited)",
					"@executable_path/Frameworks",
				);
				MARKETING_VERSION = 1.0;
				PRODUCT_BUNDLE_IDENTIFIER = com.vishal.SideMenuApp;
				PRODUCT_NAME = "$(TARGET_NAME)";
				SWIFT_EMIT_LOC_STRINGS = YES;
				SWIFT_VERSION = 5.0;
				TARGETED_DEVICE_FAMILY = "1,2";
			};
			name = Release;
		};
/* End XCBuildConfiguration section */

/* Begin XCConfigurationList section */
		08EA01BB2CE5DA5700155687 /* Build configuration list for PBXProject "SideMenuApp" */ = {
			isa = XCConfigurationList;
			buildConfigurations = (
				08EA01D12CE5DA5900155687 /* Debug */,
				08EA01D22CE5DA5900155687 /* Release */,
			);
			defaultConfigurationIsVisible = 0;
			defaultConfigurationName = Release;
		};
		08EA01D32CE5DA5900155687 /* Build configuration list for PBXNativeTarget "SideMenuApp" */ = {
			isa = XCConfigurationList;
			buildConfigurations = (
				08EA01D42CE5DA5900155687 /* Debug */,
				08EA01D52CE5DA5900155687 /* Release */,
			);
			defaultConfigurationIsVisible = 0;
			defaultConfigurationName = Release;
		};
/* End XCConfigurationList section */

/* Begin XCVersionGroup section */
		08EA01CE2CE5DA5900155687 /* SideMenuApp.xcdatamodeld */ = {
			isa = XCVersionGroup;
			children = (
				08EA01CF2CE5DA5900155687 /* SideMenuApp.xcdatamodel */,
			);
			currentVersion = 08EA01CF2CE5DA5900155687 /* SideMenuApp.xcdatamodel */;
			path = SideMenuApp.xcdatamodeld;
			sourceTree = "<group>";
			versionGroupType = wrapper.xcdatamodel;
		};
/* End XCVersionGroup section */
	};
	rootObject = 08EA01B82CE5DA5700155687 /* Project object */;
}
